github.com/lor00x/goldap v0.0.0-20180618054307-a546dffdd1a3 h1:wIONC+HMNRqmWBjuMxhatuSzHaljStc4gjDeKycxy0A=
github.com/lor00x/goldap v0.0.0-20180618054307-a546dffdd1a3/go.mod h1:37YR9jabpiIxsb8X9VCIx8qFOjTDIIrIHHODa8C4gz0=
github.com/mark-rushakoff/ldapserver v0.3.0 h1:xodND0vXac5zs4Q0Y37J6KCzIU+uHjl/DMuvbG/x+0Q=
github.com/mark-rushakoff/ldapserver v0.3.0/go.mod h1:J2CbQSDmyEFCNwPuNYfqSvzgwRT9ZgweANnPs3KSMw4=
github.com/vjeantet/ldapserver v1.0.1 h1:3z+TCXhwwDLJC3pZCNbuECPDqC2x1R7qQQbswB1Qwoc=
github.com/vjeantet/ldapserver v1.0.1/go.mod h1:YvUqhu5vYhmbcLReMLrm/Tq3S7Yj43kSVFvvol6Lh6k=
